// !$*UTF8*$!
{
	archiveVersion = 1;
	classes = {
	};
	objectVersion = 56;
	objects = {

/* Begin PBXBuildFile section */
		272ED2D1298DC20700AC4634 /* DownPeriscopeApp.swift in Sources */ = {isa = PBXBuildFile; fileRef = 272ED2D0298DC20700AC4634 /* DownPeriscopeApp.swift */; };
		272ED2D3298DC20700AC4634 /* ContentView.swift in Sources */ = {isa = PBXBuildFile; fileRef = 272ED2D2298DC20700AC4634 /* ContentView.swift */; };
		272ED2D5298DC20900AC4634 /* Assets.xcassets in Resources */ = {isa = PBXBuildFile; fileRef = 272ED2D4298DC20900AC4634 /* Assets.xcassets */; };
		272ED2D8298DC20900AC4634 /* Preview Assets.xcassets in Resources */ = {isa = PBXBuildFile; fileRef = 272ED2D7298DC20900AC4634 /* Preview Assets.xcassets */; };
		272ED2E3298DC20A00AC4634 /* DownPeriscopeTests.swift in Sources */ = {isa = PBXBuildFile; fileRef = 272ED2E2298DC20A00AC4634 /* DownPeriscopeTests.swift */; };
		272ED2ED298DC20A00AC4634 /* DownPeriscopeUITests.swift in Sources */ = {isa = PBXBuildFile; fileRef = 272ED2EC298DC20A00AC4634 /* DownPeriscopeUITests.swift */; };
		272ED2EF298DC20A00AC4634 /* DownPeriscopeUITestsLaunchTests.swift in Sources */ = {isa = PBXBuildFile; fileRef = 272ED2EE298DC20A00AC4634 /* DownPeriscopeUITestsLaunchTests.swift */; };
/* End PBXBuildFile section */

/* Begin PBXContainerItemProxy section */
		272ED2DF298DC20A00AC4634 /* PBXContainerItemProxy */ = {
			isa = PBXContainerItemProxy;
			containerPortal = 272ED2C5298DC20700AC4634 /* Project object */;
			proxyType = 1;
			remoteGlobalIDString = 272ED2CC298DC20700AC4634;
			remoteInfo = DownPeriscope;
		};
		272ED2E9298DC20A00AC4634 /* PBXContainerItemProxy */ = {
			isa = PBXContainerItemProxy;
			containerPortal = 272ED2C5298DC20700AC4634 /* Project object */;
			proxyType = 1;
			remoteGlobalIDString = 272ED2CC298DC20700AC4634;
			remoteInfo = DownPeriscope;
		};
/* End PBXContainerItemProxy section */

/* Begin PBXFileReference section */
		272ED2CD298DC20700AC4634 /* DownPeriscope.app */ = {isa = PBXFileReference; explicitFileType = wrapper.application; includeInIndex = 0; path = DownPeriscope.app; sourceTree = BUILT_PRODUCTS_DIR; };
		272ED2D0298DC20700AC4634 /* DownPeriscopeApp.swift */ = {isa = PBXFileReference; lastKnownFileType = sourcecode.swift; path = DownPeriscopeApp.swift; sourceTree = "<group>"; };
		272ED2D2298DC20700AC4634 /* ContentView.swift */ = {isa = PBXFileReference; lastKnownFileType = sourcecode.swift; path = ContentView.swift; sourceTree = "<group>"; };
		272ED2D4298DC20900AC4634 /* Assets.xcassets */ = {isa = PBXFileReference; lastKnownFileType = folder.assetcatalog; path = Assets.xcassets; sourceTree = "<group>"; };
		272ED2D7298DC20900AC4634 /* Preview Assets.xcassets */ = {isa = PBXFileReference; lastKnownFileType = folder.assetcatalog; path = "Preview Assets.xcassets"; sourceTree = "<group>"; };
		272ED2D9298DC20900AC4634 /* DownPeriscope.entitlements */ = {isa = PBXFileReference; lastKnownFileType = text.plist.entitlements; path = DownPeriscope.entitlements; sourceTree = "<group>"; };
		272ED2DE298DC20A00AC4634 /* DownPeriscopeTests.xctest */ = {isa = PBXFileReference; explicitFileType = wrapper.cfbundle; includeInIndex = 0; path = DownPeriscopeTests.xctest; sourceTree = BUILT_PRODUCTS_DIR; };
		272ED2E2298DC20A00AC4634 /* DownPeriscopeTests.swift */ = {isa = PBXFileReference; lastKnownFileType = sourcecode.swift; path = DownPeriscopeTests.swift; sourceTree = "<group>"; };
		272ED2E8298DC20A00AC4634 /* DownPeriscopeUITests.xctest */ = {isa = PBXFileReference; explicitFileType = wrapper.cfbundle; includeInIndex = 0; path = DownPeriscopeUITests.xctest; sourceTree = BUILT_PRODUCTS_DIR; };
		272ED2EC298DC20A00AC4634 /* DownPeriscopeUITests.swift */ = {isa = PBXFileReference; lastKnownFileType = sourcecode.swift; path = DownPeriscopeUITests.swift; sourceTree = "<group>"; };
		272ED2EE298DC20A00AC4634 /* DownPeriscopeUITestsLaunchTests.swift */ = {isa = PBXFileReference; lastKnownFileType = sourcecode.swift; path = DownPeriscopeUITestsLaunchTests.swift; sourceTree = "<group>"; };
/* End PBXFileReference section */

/* Begin PBXFrameworksBuildPhase section */
		272ED2CA298DC20700AC4634 /* Frameworks */ = {
			isa = PBXFrameworksBuildPhase;
			buildActionMask = 2147483647;
			files = (
			);
			runOnlyForDeploymentPostprocessing = 0;
		};
		272ED2DB298DC20A00AC4634 /* Frameworks */ = {
			isa = PBXFrameworksBuildPhase;
			buildActionMask = 2147483647;
			files = (
			);
			runOnlyForDeploymentPostprocessing = 0;
		};
		272ED2E5298DC20A00AC4634 /* Frameworks */ = {
			isa = PBXFrameworksBuildPhase;
			buildActionMask = 2147483647;
			files = (
			);
			runOnlyForDeploymentPostprocessing = 0;
		};
/* End PBXFrameworksBuildPhase section */

/* Begin PBXGroup section */
		272ED2C4298DC20700AC4634 = {
			isa = PBXGroup;
			children = (
				272ED2CF298DC20700AC4634 /* DownPeriscope */,
				272ED2E1298DC20A00AC4634 /* DownPeriscopeTests */,
				272ED2EB298DC20A00AC4634 /* DownPeriscopeUITests */,
				272ED2CE298DC20700AC4634 /* Products */,
			);
			sourceTree = "<group>";
		};
		272ED2CE298DC20700AC4634 /* Products */ = {
			isa = PBXGroup;
			children = (
				272ED2CD298DC20700AC4634 /* DownPeriscope.app */,
				272ED2DE298DC20A00AC4634 /* DownPeriscopeTests.xctest */,
				272ED2E8298DC20A00AC4634 /* DownPeriscopeUITests.xctest */,
			);
			name = Products;
			sourceTree = "<group>";
		};
		272ED2CF298DC20700AC4634 /* DownPeriscope */ = {
			isa = PBXGroup;
			children = (
				272ED2D0298DC20700AC4634 /* DownPeriscopeApp.swift */,
				272ED2D2298DC20700AC4634 /* ContentView.swift */,
				272ED2D4298DC20900AC4634 /* Assets.xcassets */,
				272ED2D9298DC20900AC4634 /* DownPeriscope.entitlements */,
				272ED2D6298DC20900AC4634 /* Preview Content */,
			);
			path = DownPeriscope;
			sourceTree = "<group>";
		};
		272ED2D6298DC20900AC4634 /* Preview Content */ = {
			isa = PBXGroup;
			children = (
				272ED2D7298DC20900AC4634 /* Preview Assets.xcassets */,
			);
			path = "Preview Content";
			sourceTree = "<group>";
		};
		272ED2E1298DC20A00AC4634 /* DownPeriscopeTests */ = {
			isa = PBXGroup;
			children = (
				272ED2E2298DC20A00AC4634 /* DownPeriscopeTests.swift */,
			);
			path = DownPeriscopeTests;
			sourceTree = "<group>";
		};
		272ED2EB298DC20A00AC4634 /* DownPeriscopeUITests */ = {
			isa = PBXGroup;
			children = (
				272ED2EC298DC20A00AC4634 /* DownPeriscopeUITests.swift */,
				272ED2EE298DC20A00AC4634 /* DownPeriscopeUITestsLaunchTests.swift */,
			);
			path = DownPeriscopeUITests;
			sourceTree = "<group>";
		};
/* End PBXGroup section */

/* Begin PBXNativeTarget section */
		272ED2CC298DC20700AC4634 /* DownPeriscope */ = {
			isa = PBXNativeTarget;
			buildConfigurationList = 272ED2F2298DC20A00AC4634 /* Build configuration list for PBXNativeTarget "DownPeriscope" */;
			buildPhases = (
				272ED2C9298DC20700AC4634 /* Sources */,
				272ED2CA298DC20700AC4634 /* Frameworks */,
				272ED2CB298DC20700AC4634 /* Resources */,
			);
			buildRules = (
			);
			dependencies = (
			);
			name = DownPeriscope;
			productName = DownPeriscope;
			productReference = 272ED2CD298DC20700AC4634 /* DownPeriscope.app */;
			productType = "com.apple.product-type.application";
		};
		272ED2DD298DC20A00AC4634 /* DownPeriscopeTests */ = {
			isa = PBXNativeTarget;
			buildConfigurationList = 272ED2F5298DC20A00AC4634 /* Build configuration list for PBXNativeTarget "DownPeriscopeTests" */;
			buildPhases = (
				272ED2DA298DC20A00AC4634 /* Sources */,
				272ED2DB298DC20A00AC4634 /* Frameworks */,
				272ED2DC298DC20A00AC4634 /* Resources */,
			);
			buildRules = (
			);
			dependencies = (
				272ED2E0298DC20A00AC4634 /* PBXTargetDependency */,
			);
			name = DownPeriscopeTests;
			productName = DownPeriscopeTests;
			productReference = 272ED2DE298DC20A00AC4634 /* DownPeriscopeTests.xctest */;
			productType = "com.apple.product-type.bundle.unit-test";
		};
		272ED2E7298DC20A00AC4634 /* DownPeriscopeUITests */ = {
			isa = PBXNativeTarget;
			buildConfigurationList = 272ED2F8298DC20A00AC4634 /* Build configuration list for PBXNativeTarget "DownPeriscopeUITests" */;
			buildPhases = (
				272ED2E4298DC20A00AC4634 /* Sources */,
				272ED2E5298DC20A00AC4634 /* Frameworks */,
				272ED2E6298DC20A00AC4634 /* Resources */,
			);
			buildRules = (
			);
			dependencies = (
				272ED2EA298DC20A00AC4634 /* PBXTargetDependency */,
			);
			name = DownPeriscopeUITests;
			productName = DownPeriscopeUITests;
			productReference = 272ED2E8298DC20A00AC4634 /* DownPeriscopeUITests.xctest */;
			productType = "com.apple.product-type.bundle.ui-testing";
		};
/* End PBXNativeTarget section */

/* Begin PBXProject section */
		272ED2C5298DC20700AC4634 /* Project object */ = {
			isa = PBXProject;
			attributes = {
				BuildIndependentTargetsInParallel = 1;
				LastSwiftUpdateCheck = 1420;
				LastUpgradeCheck = 1420;
				TargetAttributes = {
					272ED2CC298DC20700AC4634 = {
						CreatedOnToolsVersion = 14.2;
					};
					272ED2DD298DC20A00AC4634 = {
						CreatedOnToolsVersion = 14.2;
						TestTargetID = 272ED2CC298DC20700AC4634;
					};
					272ED2E7298DC20A00AC4634 = {
						CreatedOnToolsVersion = 14.2;
						TestTargetID = 272ED2CC298DC20700AC4634;
					};
				};
			};
			buildConfigurationList = 272ED2C8298DC20700AC4634 /* Build configuration list for PBXProject "DownPeriscope" */;
			compatibilityVersion = "Xcode 14.0";
			developmentRegion = en;
			hasScannedForEncodings = 0;
			knownRegions = (
				en,
				Base,
			);
			mainGroup = 272ED2C4298DC20700AC4634;
			productRefGroup = 272ED2CE298DC20700AC4634 /* Products */;
			projectDirPath = "";
			projectRoot = "";
			targets = (
				272ED2CC298DC20700AC4634 /* DownPeriscope */,
				272ED2DD298DC20A00AC4634 /* DownPeriscopeTests */,
				272ED2E7298DC20A00AC4634 /* DownPeriscopeUITests */,
			);
		};
/* End PBXProject section */

/* Begin PBXResourcesBuildPhase section */
		272ED2CB298DC20700AC4634 /* Resources */ = {
			isa = PBXResourcesBuildPhase;
			buildActionMask = 2147483647;
			files = (
				272ED2D8298DC20900AC4634 /* Preview Assets.xcassets in Resources */,
				272ED2D5298DC20900AC4634 /* Assets.xcassets in Resources */,
			);
			runOnlyForDeploymentPostprocessing = 0;
		};
		272ED2DC298DC20A00AC4634 /* Resources */ = {
			isa = PBXResourcesBuildPhase;
			buildActionMask = 2147483647;
			files = (
			);
			runOnlyForDeploymentPostprocessing = 0;
		};
		272ED2E6298DC20A00AC4634 /* Resources */ = {
			isa = PBXResourcesBuildPhase;
			buildActionMask = 2147483647;
			files = (
			);
			runOnlyForDeploymentPostprocessing = 0;
		};
/* End PBXResourcesBuildPhase section */

/* Begin PBXSourcesBuildPhase section */
		272ED2C9298DC20700AC4634 /* Sources */ = {
			isa = PBXSourcesBuildPhase;
			buildActionMask = 2147483647;
			files = (
				272ED2D3298DC20700AC4634 /* ContentView.swift in Sources */,
				272ED2D1298DC20700AC4634 /* DownPeriscopeApp.swift in Sources */,
			);
			runOnlyForDeploymentPostprocessing = 0;
		};
		272ED2DA298DC20A00AC4634 /* Sources */ = {
			isa = PBXSourcesBuildPhase;
			buildActionMask = 2147483647;
			files = (
				272ED2E3298DC20A00AC4634 /* DownPeriscopeTests.swift in Sources */,
			);
			runOnlyForDeploymentPostprocessing = 0;
		};
		272ED2E4298DC20A00AC4634 /* Sources */ = {
			isa = PBXSourcesBuildPhase;
			buildActionMask = 2147483647;
			files = (
				272ED2ED298DC20A00AC4634 /* DownPeriscopeUITests.swift in Sources */,
				272ED2EF298DC20A00AC4634 /* DownPeriscopeUITestsLaunchTests.swift in Sources */,
			);
			runOnlyForDeploymentPostprocessing = 0;
		};
/* End PBXSourcesBuildPhase section */

/* Begin PBXTargetDependency section */
		272ED2E0298DC20A00AC4634 /* PBXTargetDependency */ = {
			isa = PBXTargetDependency;
			target = 272ED2CC298DC20700AC4634 /* DownPeriscope */;
			targetProxy = 272ED2DF298DC20A00AC4634 /* PBXContainerItemProxy */;
		};
		272ED2EA298DC20A00AC4634 /* PBXTargetDependency */ = {
			isa = PBXTargetDependency;
			target = 272ED2CC298DC20700AC4634 /* DownPeriscope */;
			targetProxy = 272ED2E9298DC20A00AC4634 /* PBXContainerItemProxy */;
		};
/* End PBXTargetDependency section */

/* Begin XCBuildConfiguration section */
		272ED2F0298DC20A00AC4634 /* Debug */ = {
			isa = XCBuildConfiguration;
			buildSettings = {
				ALWAYS_SEARCH_USER_PATHS = NO;
				CLANG_ANALYZER_NONNULL = YES;
				CLANG_ANALYZER_NUMBER_OBJECT_CONVERSION = YES_AGGRESSIVE;
				CLANG_CXX_LANGUAGE_STANDARD = "gnu++20";
				CLANG_ENABLE_MODULES = YES;
				CLANG_ENABLE_OBJC_ARC = YES;
				CLANG_ENABLE_OBJC_WEAK = YES;
				CLANG_WARN_BLOCK_CAPTURE_AUTORELEASING = YES;
				CLANG_WARN_BOOL_CONVERSION = YES;
				CLANG_WARN_COMMA = YES;
				CLANG_WARN_CONSTANT_CONVERSION = YES;
				CLANG_WARN_DEPRECATED_OBJC_IMPLEMENTATIONS = YES;
				CLANG_WARN_DIRECT_OBJC_ISA_USAGE = YES_ERROR;
				CLANG_WARN_DOCUMENTATION_COMMENTS = YES;
				CLANG_WARN_EMPTY_BODY = YES;
				CLANG_WARN_ENUM_CONVERSION = YES;
				CLANG_WARN_INFINITE_RECURSION = YES;
				CLANG_WARN_INT_CONVERSION = YES;
				CLANG_WARN_NON_LITERAL_NULL_CONVERSION = YES;
				CLANG_WARN_OBJC_IMPLICIT_RETAIN_SELF = YES;
				CLANG_WARN_OBJC_LITERAL_CONVERSION = YES;
				CLANG_WARN_OBJC_ROOT_CLASS = YES_ERROR;
				CLANG_WARN_QUOTED_INCLUDE_IN_FRAMEWORK_HEADER = YES;
				CLANG_WARN_RANGE_LOOP_ANALYSIS = YES;
				CLANG_WARN_STRICT_PROTOTYPES = YES;
				CLANG_WARN_SUSPICIOUS_MOVE = YES;
				CLANG_WARN_UNGUARDED_AVAILABILITY = YES_AGGRESSIVE;
				CLANG_WARN_UNREACHABLE_CODE = YES;
				CLANG_WARN__DUPLICATE_METHOD_MATCH = YES;
				COPY_PHASE_STRIP = NO;
				DEBUG_INFORMATION_FORMAT = dwarf;
				ENABLE_STRICT_OBJC_MSGSEND = YES;
				ENABLE_TESTABILITY = YES;
				GCC_C_LANGUAGE_STANDARD = gnu11;
				GCC_DYNAMIC_NO_PIC = NO;
				GCC_NO_COMMON_BLOCKS = YES;
				GCC_OPTIMIZATION_LEVEL = 0;
				GCC_PREPROCESSOR_DEFINITIONS = (
					"DEBUG=1",
					"$(inherited)",
				);
				GCC_WARN_64_TO_32_BIT_CONVERSION = YES;
				GCC_WARN_ABOUT_RETURN_TYPE = YES_ERROR;
				GCC_WARN_UNDECLARED_SELECTOR = YES;
				GCC_WARN_UNINITIALIZED_AUTOS = YES_AGGRESSIVE;
				GCC_WARN_UNUSED_FUNCTION = YES;
				GCC_WARN_UNUSED_VARIABLE = YES;
				MACOSX_DEPLOYMENT_TARGET = 13.1;
				MTL_ENABLE_DEBUG_INFO = INCLUDE_SOURCE;
				MTL_FAST_MATH = YES;
				ONLY_ACTIVE_ARCH = YES;
				SDKROOT = macosx;
				SWIFT_ACTIVE_COMPILATION_CONDITIONS = DEBUG;
				SWIFT_OPTIMIZATION_LEVEL = "-Onone";
			};
			name = Debug;
		};
		272ED2F1298DC20A00AC4634 /* Release */ = {
			isa = XCBuildConfiguration;
			buildSettings = {
				ALWAYS_SEARCH_USER_PATHS = NO;
				CLANG_ANALYZER_NONNULL = YES;
				CLANG_ANALYZER_NUMBER_OBJECT_CONVERSION = YES_AGGRESSIVE;
				CLANG_CXX_LANGUAGE_STANDARD = "gnu++20";
				CLANG_ENABLE_MODULES = YES;
				CLANG_ENABLE_OBJC_ARC = YES;
				CLANG_ENABLE_OBJC_WEAK = YES;
				CLANG_WARN_BLOCK_CAPTURE_AUTORELEASING = YES;
				CLANG_WARN_BOOL_CONVERSION = YES;
				CLANG_WARN_COMMA = YES;
				CLANG_WARN_CONSTANT_CONVERSION = YES;
				CLANG_WARN_DEPRECATED_OBJC_IMPLEMENTATIONS = YES;
				CLANG_WARN_DIRECT_OBJC_ISA_USAGE = YES_ERROR;
				CLANG_WARN_DOCUMENTATION_COMMENTS = YES;
				CLANG_WARN_EMPTY_BODY = YES;
				CLANG_WARN_ENUM_CONVERSION = YES;
				CLANG_WARN_INFINITE_RECURSION = YES;
				CLANG_WARN_INT_CONVERSION = YES;
				CLANG_WARN_NON_LITERAL_NULL_CONVERSION = YES;
				CLANG_WARN_OBJC_IMPLICIT_RETAIN_SELF = YES;
				CLANG_WARN_OBJC_LITERAL_CONVERSION = YES;
				CLANG_WARN_OBJC_ROOT_CLASS = YES_ERROR;
				CLANG_WARN_QUOTED_INCLUDE_IN_FRAMEWORK_HEADER = YES;
				CLANG_WARN_RANGE_LOOP_ANALYSIS = YES;
				CLANG_WARN_STRICT_PROTOTYPES = YES;
				CLANG_WARN_SUSPICIOUS_MOVE = YES;
				CLANG_WARN_UNGUARDED_AVAILABILITY = YES_AGGRESSIVE;
				CLANG_WARN_UNREACHABLE_CODE = YES;
				CLANG_WARN__DUPLICATE_METHOD_MATCH = YES;
				COPY_PHASE_STRIP = NO;
				DEBUG_INFORMATION_FORMAT = "dwarf-with-dsym";
				ENABLE_NS_ASSERTIONS = NO;
				ENABLE_STRICT_OBJC_MSGSEND = YES;
				GCC_C_LANGUAGE_STANDARD = gnu11;
				GCC_NO_COMMON_BLOCKS = YES;
				GCC_WARN_64_TO_32_BIT_CONVERSION = YES;
				GCC_WARN_ABOUT_RETURN_TYPE = YES_ERROR;
				GCC_WARN_UNDECLARED_SELECTOR = YES;
				GCC_WARN_UNINITIALIZED_AUTOS = YES_AGGRESSIVE;
				GCC_WARN_UNUSED_FUNCTION = YES;
				GCC_WARN_UNUSED_VARIABLE = YES;
				MACOSX_DEPLOYMENT_TARGET = 13.1;
				MTL_ENABLE_DEBUG_INFO = NO;
				MTL_FAST_MATH = YES;
				SDKROOT = macosx;
				SWIFT_COMPILATION_MODE = wholemodule;
				SWIFT_OPTIMIZATION_LEVEL = "-O";
			};
			name = Release;
		};
		272ED2F3298DC20A00AC4634 /* Debug */ = {
			isa = XCBuildConfiguration;
			buildSettings = {
				ASSETCATALOG_COMPILER_APPICON_NAME = AppIcon;
				ASSETCATALOG_COMPILER_GLOBAL_ACCENT_COLOR_NAME = AccentColor;
				CODE_SIGN_ENTITLEMENTS = DownPeriscope/DownPeriscope.entitlements;
				CODE_SIGN_STYLE = Automatic;
				COMBINE_HIDPI_IMAGES = YES;
				CURRENT_PROJECT_VERSION = 1;
				DEVELOPMENT_ASSET_PATHS = "\"DownPeriscope/Preview Content\"";
				DEVELOPMENT_TEAM = 6BRY3H7A8B;
				ENABLE_HARDENED_RUNTIME = YES;
				ENABLE_PREVIEWS = YES;
				GENERATE_INFOPLIST_FILE = YES;
				INFOPLIST_KEY_NSHumanReadableCopyright = "";
				LD_RUNPATH_SEARCH_PATHS = (
					"$(inherited)",
					"@executable_path/../Frameworks",
				);
				MARKETING_VERSION = 1.0;
				PRODUCT_BUNDLE_IDENTIFIER = is.digital.DownPeriscope;
				PRODUCT_NAME = "$(TARGET_NAME)";
				SWIFT_EMIT_LOC_STRINGS = YES;
				SWIFT_VERSION = 5.0;
			};
			name = Debug;
		};
		272ED2F4298DC20A00AC4634 /* Release */ = {
			isa = XCBuildConfiguration;
			buildSettings = {
				ASSETCATALOG_COMPILER_APPICON_NAME = AppIcon;
				ASSETCATALOG_COMPILER_GLOBAL_ACCENT_COLOR_NAME = AccentColor;
				CODE_SIGN_ENTITLEMENTS = DownPeriscope/DownPeriscope.entitlements;
				CODE_SIGN_STYLE = Automatic;
				COMBINE_HIDPI_IMAGES = YES;
				CURRENT_PROJECT_VERSION = 1;
				DEVELOPMENT_ASSET_PATHS = "\"DownPeriscope/Preview Content\"";
				DEVELOPMENT_TEAM = 6BRY3H7A8B;
				ENABLE_HARDENED_RUNTIME = YES;
				ENABLE_PREVIEWS = YES;
				GENERATE_INFOPLIST_FILE = YES;
				INFOPLIST_KEY_NSHumanReadableCopyright = "";
				LD_RUNPATH_SEARCH_PATHS = (
					"$(inherited)",
					"@executable_path/../Frameworks",
				);
				MARKETING_VERSION = 1.0;
				PRODUCT_BUNDLE_IDENTIFIER = is.digital.DownPeriscope;
				PRODUCT_NAME = "$(TARGET_NAME)";
				SWIFT_EMIT_LOC_STRINGS = YES;
				SWIFT_VERSION = 5.0;
			};
			name = Release;
		};
		272ED2F6298DC20A00AC4634 /* Debug */ = {
			isa = XCBuildConfiguration;
			buildSettings = {
				ALWAYS_EMBED_SWIFT_STANDARD_LIBRARIES = YES;
				BUNDLE_LOADER = "$(TEST_HOST)";
				CODE_SIGN_STYLE = Automatic;
				CURRENT_PROJECT_VERSION = 1;
				DEVELOPMENT_TEAM = 6BRY3H7A8B;
				GENERATE_INFOPLIST_FILE = YES;
				MACOSX_DEPLOYMENT_TARGET = 13.1;
				MARKETING_VERSION = 1.0;
				PRODUCT_BUNDLE_IDENTIFIER = is.digital.DownPeriscopeTests;
				PRODUCT_NAME = "$(TARGET_NAME)";
				SWIFT_EMIT_LOC_STRINGS = NO;
				SWIFT_VERSION = 5.0;
				TEST_HOST = "$(BUILT_PRODUCTS_DIR)/DownPeriscope.app/$(BUNDLE_EXECUTABLE_FOLDER_PATH)/DownPeriscope";
			};
			name = Debug;
		};
		272ED2F7298DC20A00AC4634 /* Release */ = {
			isa = XCBuildConfiguration;
			buildSettings = {
				ALWAYS_EMBED_SWIFT_STANDARD_LIBRARIES = YES;
				BUNDLE_LOADER = "$(TEST_HOST)";
				CODE_SIGN_STYLE = Automatic;
				CURRENT_PROJECT_VERSION = 1;
				DEVELOPMENT_TEAM = 6BRY3H7A8B;
				GENERATE_INFOPLIST_FILE = YES;
				MACOSX_DEPLOYMENT_TARGET = 13.1;
				MARKETING_VERSION = 1.0;
				PRODUCT_BUNDLE_IDENTIFIER = is.digital.DownPeriscopeTests;
				PRODUCT_NAME = "$(TARGET_NAME)";
				SWIFT_EMIT_LOC_STRINGS = NO;
				SWIFT_VERSION = 5.0;
				TEST_HOST = "$(BUILT_PRODUCTS_DIR)/DownPeriscope.app/$(BUNDLE_EXECUTABLE_FOLDER_PATH)/DownPeriscope";
			};
			name = Release;
		};
		272ED2F9298DC20A00AC4634 /* Debug */ = {
			isa = XCBuildConfiguration;
			buildSettings = {
				ALWAYS_EMBED_SWIFT_STANDARD_LIBRARIES = YES;
				CODE_SIGN_STYLE = Automatic;
				CURRENT_PROJECT_VERSION = 1;
				DEVELOPMENT_TEAM = 6BRY3H7A8B;
				GENERATE_INFOPLIST_FILE = YES;
				MARKETING_VERSION = 1.0;
				PRODUCT_BUNDLE_IDENTIFIER = is.digital.DownPeriscopeUITests;
				PRODUCT_NAME = "$(TARGET_NAME)";
				SWIFT_EMIT_LOC_STRINGS = NO;
				SWIFT_VERSION = 5.0;
				TEST_TARGET_NAME = DownPeriscope;
			};
			name = Debug;
		};
		272ED2FA298DC20A00AC4634 /* Release */ = {
			isa = XCBuildConfiguration;
			buildSettings = {
				ALWAYS_EMBED_SWIFT_STANDARD_LIBRARIES = YES;
				CODE_SIGN_STYLE = Automatic;
				CURRENT_PROJECT_VERSION = 1;
				DEVELOPMENT_TEAM = 6BRY3H7A8B;
				GENERATE_INFOPLIST_FILE = YES;
				MARKETING_VERSION = 1.0;
				PRODUCT_BUNDLE_IDENTIFIER = is.digital.DownPeriscopeUITests;
				PRODUCT_NAME = "$(TARGET_NAME)";
				SWIFT_EMIT_LOC_STRINGS = NO;
				SWIFT_VERSION = 5.0;
				TEST_TARGET_NAME = DownPeriscope;
			};
			name = Release;
		};
/* End XCBuildConfiguration section */

/* Begin XCConfigurationList section */
		272ED2C8298DC20700AC4634 /* Build configuration list for PBXProject "DownPeriscope" */ = {
			isa = XCConfigurationList;
			buildConfigurations = (
				272ED2F0298DC20A00AC4634 /* Debug */,
				272ED2F1298DC20A00AC4634 /* Release */,
			);
			defaultConfigurationIsVisible = 0;
			defaultConfigurationName = Release;
		};
		272ED2F2298DC20A00AC4634 /* Build configuration list for PBXNativeTarget "DownPeriscope" */ = {
			isa = XCConfigurationList;
			buildConfigurations = (
				272ED2F3298DC20A00AC4634 /* Debug */,
				272ED2F4298DC20A00AC4634 /* Release */,
			);
			defaultConfigurationIsVisible = 0;
			defaultConfigurationName = Release;
		};
		272ED2F5298DC20A00AC4634 /* Build configuration list for PBXNativeTarget "DownPeriscopeTests" */ = {
			isa = XCConfigurationList;
			buildConfigurations = (
				272ED2F6298DC20A00AC4634 /* Debug */,
				272ED2F7298DC20A00AC4634 /* Release */,
			);
			defaultConfigurationIsVisible = 0;
			defaultConfigurationName = Release;
		};
		272ED2F8298DC20A00AC4634 /* Build configuration list for PBXNativeTarget "DownPeriscopeUITests" */ = {
			isa = XCConfigurationList;
			buildConfigurations = (
				272ED2F9298DC20A00AC4634 /* Debug */,
				272ED2FA298DC20A00AC4634 /* Release */,
			);
			defaultConfigurationIsVisible = 0;
			defaultConfigurationName = Release;
		};
/* End XCConfigurationList section */
	};
	rootObject = 272ED2C5298DC20700AC4634 /* Project object */;
}
